
Microsoft Visual Studio Solution File, Format Version 12.00
# Visual Studio Version 17
VisualStudioVersion = 17.0.32014.148
MinimumVisualStudioVersion = 10.0.40219.1
Project("{FAE04EC0-301F-11D3-BF4B-00C04F79EFBC}") = "FreeBypass", "FreeBypass\FreeBypass.csproj", "{3C44A4B1-B1FB-47AD-B17A-7B6360634427}"
EndProject
Global
	GlobalSection(SolutionConfigurationPlatforms) = preSolution
		Debug|Any CPU = Debug|Any CPU
		Release|Any CPU = Release|Any CPU
	EndGlobalSection
	GlobalSection(ProjectConfigurationPlatforms) = postSolution
		{3C44A4B1-B1FB-47AD-B17A-7B6360634427}.Debug|Any CPU.ActiveCfg = Debug|Any CPU
		{3C44A4B1-B1FB-47AD-B17A-7B6360634427}.Debug|Any CPU.Build.0 = Debug|Any CPU
		{3C44A4B1-B1FB-47AD-B17A-7B6360634427}.Release|Any CPU.ActiveCfg = Release|Any CPU
		{3C44A4B1-B1FB-47AD-B17A-7B6360634427}.Release|Any CPU.Build.0 = Release|Any CPU
	EndGlobalSection
	GlobalSection(SolutionProperties) = preSolution
		HideSolutionNode = FALSE
	EndGlobalSection
	GlobalSection(ExtensibilityGlobals) = postSolution
		SolutionGuid = {F4FFCECD-AC8C-446D-81D2-3B09A833F615}
	EndGlobalSection
EndGlobal
